{
  "name": "gitactionboard",
  "version": "1.0.0",
  "lockfileVersion": 3,
  "requires": true,
  "packages": {
    "": {
      "name": "gitactionboard",
      "version": "1.0.0",
      "devDependencies": {
        "@playwright/test": "latest"
      }
    },
    "node_modules/@playwright/test": {
      "version": "1.48.2",
      "resolved": "https://registry.npmjs.org/@playwright/test/-/test-1.48.2.tgz",
      "integrity": "sha512-A1H0bEoXEyjpYrHcLWqF8O9WkXM0LT3KXyUZZy3S7c/u7oXd3r5c3Gb2e0V8lZQDvnxaIBKz4h0TJKGLh1dD7EYIg==",
      "dependencies": {
        "@playwright/test": "1.48.2"
      },
      "bin": {
        "playwright": "cli.js"
      },
      "engines": {
        "node": ">=18"
      }
    }
  }
}
